
Microsoft Visual Studio Solution File, Format Version 12.00
# Visual Studio Version 16
VisualStudioVersion = 16.0.29230.47
MinimumVisualStudioVersion = 10.0.40219.1
Project("{FAE04EC0-301F-11D3-BF4B-00C04F79EFBC}") = "ScoopWhoop2019", "ScoopWhoop2019\ScoopWhoop2019.csproj", "{855B613D-3EA1-4153-94D0-EF06D49C970E}"
EndProject
Project("{FAE04EC0-301F-11D3-BF4B-00C04F79EFBC}") = "TestObjects", "TestObjects\TestObjects.csproj", "{C91E1AEA-5BCE-49D3-BB08-DEACEE9AC922}"
EndProject
Project("{FAE04EC0-301F-11D3-BF4B-00C04F79EFBC}") = "ConsoleRunner", "ConsoleRunner\ConsoleRunner.csproj", "{4E4B4AAC-41B7-4AE3-92A8-F9062818FEA6}"
EndProject
Global
	GlobalSection(SolutionConfigurationPlatforms) = preSolution
		Debug|Any CPU = Debug|Any CPU
		Release|Any CPU = Release|Any CPU
	EndGlobalSection
	GlobalSection(ProjectConfigurationPlatforms) = postSolution
		{855B613D-3EA1-4153-94D0-EF06D49C970E}.Debug|Any CPU.ActiveCfg = Debug|Any CPU
		{855B613D-3EA1-4153-94D0-EF06D49C970E}.Debug|Any CPU.Build.0 = Debug|Any CPU
		{855B613D-3EA1-4153-94D0-EF06D49C970E}.Release|Any CPU.ActiveCfg = Release|Any CPU
		{855B613D-3EA1-4153-94D0-EF06D49C970E}.Release|Any CPU.Build.0 = Release|Any CPU
		{C91E1AEA-5BCE-49D3-BB08-DEACEE9AC922}.Debug|Any CPU.ActiveCfg = Debug|Any CPU
		{C91E1AEA-5BCE-49D3-BB08-DEACEE9AC922}.Debug|Any CPU.Build.0 = Debug|Any CPU
		{C91E1AEA-5BCE-49D3-BB08-DEACEE9AC922}.Release|Any CPU.ActiveCfg = Release|Any CPU
		{C91E1AEA-5BCE-49D3-BB08-DEACEE9AC922}.Release|Any CPU.Build.0 = Release|Any CPU
		{4E4B4AAC-41B7-4AE3-92A8-F9062818FEA6}.Debug|Any CPU.ActiveCfg = Debug|Any CPU
		{4E4B4AAC-41B7-4AE3-92A8-F9062818FEA6}.Debug|Any CPU.Build.0 = Debug|Any CPU
		{4E4B4AAC-41B7-4AE3-92A8-F9062818FEA6}.Release|Any CPU.ActiveCfg = Release|Any CPU
		{4E4B4AAC-41B7-4AE3-92A8-F9062818FEA6}.Release|Any CPU.Build.0 = Release|Any CPU
	EndGlobalSection
	GlobalSection(SolutionProperties) = preSolution
		HideSolutionNode = FALSE
	EndGlobalSection
	GlobalSection(ExtensibilityGlobals) = postSolution
		SolutionGuid = {3F42A9F9-CB35-4A67-A75D-DE8CC555CF63}
	EndGlobalSection
EndGlobal
